<?xml version="1.0" encoding="utf-8"?>
<Project ToolsVersion="17.0" xmlns="http://schemas.microsoft.com/developer/msbuild/2003">
  <ItemGroup>
    <ClCompile Include="C:\Users\rober\source\repos\RobertGTR\CPP_practice\02_odd_even\src\main.cpp">
      <Filter>Source Files</Filter>
    </ClCompile>
  </ItemGroup>
  <ItemGroup>
    <CustomBuild Include="C:\Users\rober\source\repos\RobertGTR\CPP_practice\02_odd_even\CMakeLists.txt" />
  </ItemGroup>
  <ItemGroup>
    <Filter Include="Source Files">
      <UniqueIdentifier>{F588F0D9-F82A-359F-BFE8-E8E742E2E842}</UniqueIdentifier>
    </Filter>
  </ItemGroup>
</Project>
