
Microsoft Visual Studio Solution File, Format Version 12.00
# Visual Studio Version 17
Project("{8BC9CEB8-8B4A-11D0-8D11-00A0C91BC942}") = "ALL_BUILD", "ALL_BUILD.vcxproj", "{4CC1788F-195A-3A58-82B3-144092821332}"
	ProjectSection(ProjectDependencies) = postProject
		{E2952886-B8C0-3CE0-A4F1-1717705F6DD9} = {E2952886-B8C0-3CE0-A4F1-1717705F6DD9}
	EndProjectSection
EndProject
Project("{8BC9CEB8-8B4A-11D0-8D11-00A0C91BC942}") = "01_hello_world", "01_hello_world.vcxproj", "{E2952886-B8C0-3CE0-A4F1-1717705F6DD9}"
	ProjectSection(ProjectDependencies) = postProject
	EndProjectSection
EndProject
Global
	GlobalSection(SolutionConfigurationPlatforms) = preSolution
		Debug|x64 = Debug|x64
		Release|x64 = Release|x64
		MinSizeRel|x64 = MinSizeRel|x64
		RelWithDebInfo|x64 = RelWithDebInfo|x64
	EndGlobalSection
	GlobalSection(ProjectConfigurationPlatforms) = postSolution
		{4CC1788F-195A-3A58-82B3-144092821332}.Debug|x64.ActiveCfg = Debug|x64
		{4CC1788F-195A-3A58-82B3-144092821332}.Release|x64.ActiveCfg = Release|x64
		{4CC1788F-195A-3A58-82B3-144092821332}.MinSizeRel|x64.ActiveCfg = MinSizeRel|x64
		{4CC1788F-195A-3A58-82B3-144092821332}.RelWithDebInfo|x64.ActiveCfg = RelWithDebInfo|x64
		{E2952886-B8C0-3CE0-A4F1-1717705F6DD9}.Debug|x64.ActiveCfg = Debug|x64
		{E2952886-B8C0-3CE0-A4F1-1717705F6DD9}.Debug|x64.Build.0 = Debug|x64
		{E2952886-B8C0-3CE0-A4F1-1717705F6DD9}.Release|x64.ActiveCfg = Release|x64
		{E2952886-B8C0-3CE0-A4F1-1717705F6DD9}.Release|x64.Build.0 = Release|x64
		{E2952886-B8C0-3CE0-A4F1-1717705F6DD9}.MinSizeRel|x64.ActiveCfg = MinSizeRel|x64
		{E2952886-B8C0-3CE0-A4F1-1717705F6DD9}.MinSizeRel|x64.Build.0 = MinSizeRel|x64
		{E2952886-B8C0-3CE0-A4F1-1717705F6DD9}.RelWithDebInfo|x64.ActiveCfg = RelWithDebInfo|x64
		{E2952886-B8C0-3CE0-A4F1-1717705F6DD9}.RelWithDebInfo|x64.Build.0 = RelWithDebInfo|x64
	EndGlobalSection
	GlobalSection(ExtensibilityGlobals) = postSolution
		SolutionGuid = {A52EF841-3B52-3274-9963-FE22F27A8834}
	EndGlobalSection
	GlobalSection(ExtensibilityAddIns) = postSolution
	EndGlobalSection
EndGlobal
