<?xml version="1.0" encoding="utf-8"?>
<Project ToolsVersion="17.0" xmlns="http://schemas.microsoft.com/developer/msbuild/2003">
  <ItemGroup>
    <Filter Include="CMake Rules">
      <UniqueIdentifier>{B27F7E8C-5280-3FB7-8BE3-ABBDC4A606D6}</UniqueIdentifier>
    </Filter>
  </ItemGroup>
</Project>
